
Microsoft Visual Studio Solution File, Format Version 12.00
# Visual Studio 15
Project("{FAE04EC0-301F-11D3-BF4B-00C04F79EFBC}") = "BorrowMyAngel.Android", "BorrowMyAngel.Android\BorrowMyAngel.Android.csproj", "{D16B7633-6D97-4CFC-A835-040E50394EA8}"
EndProject
Project("{FAE04EC0-301F-11D3-BF4B-00C04F79EFBC}") = "BorrowMyAngel.iOS", "BorrowMyAngel.iOS\BorrowMyAngel.iOS.csproj", "{74280269-DBD9-443C-B308-9BFD755B63DC}"
EndProject
Project("{FAE04EC0-301F-11D3-BF4B-00C04F79EFBC}") = "BorrowMyAngel", "BorrowMyAngel\BorrowMyAngel.csproj", "{90E9524D-ADD9-46ED-8FB2-D6B58AE22F2E}"
EndProject
Global
	GlobalSection(SolutionConfigurationPlatforms) = preSolution
		Debug|Any CPU = Debug|Any CPU
		Release|Any CPU = Release|Any CPU
		Debug|iPhoneSimulator = Debug|iPhoneSimulator
		Release|iPhoneSimulator = Release|iPhoneSimulator
		Debug|iPhone = Debug|iPhone
		Release|iPhone = Release|iPhone
		Ad-Hoc|iPhone = Ad-Hoc|iPhone
		AppStore|iPhone = AppStore|iPhone
	EndGlobalSection
	GlobalSection(ProjectConfigurationPlatforms) = postSolution
		{D16B7633-6D97-4CFC-A835-040E50394EA8}.Debug|Any CPU.ActiveCfg = Debug|Any CPU
		{D16B7633-6D97-4CFC-A835-040E50394EA8}.Debug|Any CPU.Build.0 = Debug|Any CPU
		{D16B7633-6D97-4CFC-A835-040E50394EA8}.Release|Any CPU.ActiveCfg = Release|Any CPU
		{D16B7633-6D97-4CFC-A835-040E50394EA8}.Release|Any CPU.Build.0 = Release|Any CPU
		{D16B7633-6D97-4CFC-A835-040E50394EA8}.Debug|iPhoneSimulator.ActiveCfg = Debug|Any CPU
		{D16B7633-6D97-4CFC-A835-040E50394EA8}.Debug|iPhoneSimulator.Build.0 = Debug|Any CPU
		{D16B7633-6D97-4CFC-A835-040E50394EA8}.Release|iPhoneSimulator.ActiveCfg = Release|Any CPU
		{D16B7633-6D97-4CFC-A835-040E50394EA8}.Release|iPhoneSimulator.Build.0 = Release|Any CPU
		{D16B7633-6D97-4CFC-A835-040E50394EA8}.Debug|iPhone.ActiveCfg = Debug|Any CPU
		{D16B7633-6D97-4CFC-A835-040E50394EA8}.Debug|iPhone.Build.0 = Debug|Any CPU
		{D16B7633-6D97-4CFC-A835-040E50394EA8}.Release|iPhone.ActiveCfg = Release|Any CPU
		{D16B7633-6D97-4CFC-A835-040E50394EA8}.Release|iPhone.Build.0 = Release|Any CPU
		{D16B7633-6D97-4CFC-A835-040E50394EA8}.Ad-Hoc|iPhone.ActiveCfg = Debug|Any CPU
		{D16B7633-6D97-4CFC-A835-040E50394EA8}.Ad-Hoc|iPhone.Build.0 = Debug|Any CPU
		{D16B7633-6D97-4CFC-A835-040E50394EA8}.AppStore|iPhone.ActiveCfg = Debug|Any CPU
		{D16B7633-6D97-4CFC-A835-040E50394EA8}.AppStore|iPhone.Build.0 = Debug|Any CPU
		{74280269-DBD9-443C-B308-9BFD755B63DC}.Debug|Any CPU.ActiveCfg = Debug|iPhoneSimulator
		{74280269-DBD9-443C-B308-9BFD755B63DC}.Debug|Any CPU.Build.0 = Debug|iPhoneSimulator
		{74280269-DBD9-443C-B308-9BFD755B63DC}.Release|Any CPU.ActiveCfg = Release|iPhoneSimulator
		{74280269-DBD9-443C-B308-9BFD755B63DC}.Release|Any CPU.Build.0 = Release|iPhoneSimulator
		{74280269-DBD9-443C-B308-9BFD755B63DC}.Debug|iPhoneSimulator.ActiveCfg = Debug|iPhoneSimulator
		{74280269-DBD9-443C-B308-9BFD755B63DC}.Debug|iPhoneSimulator.Build.0 = Debug|iPhoneSimulator
		{74280269-DBD9-443C-B308-9BFD755B63DC}.Release|iPhoneSimulator.ActiveCfg = Release|iPhoneSimulator
		{74280269-DBD9-443C-B308-9BFD755B63DC}.Release|iPhoneSimulator.Build.0 = Release|iPhoneSimulator
		{74280269-DBD9-443C-B308-9BFD755B63DC}.Debug|iPhone.ActiveCfg = Debug|iPhone
		{74280269-DBD9-443C-B308-9BFD755B63DC}.Debug|iPhone.Build.0 = Debug|iPhone
		{74280269-DBD9-443C-B308-9BFD755B63DC}.Release|iPhone.ActiveCfg = Release|iPhone
		{74280269-DBD9-443C-B308-9BFD755B63DC}.Release|iPhone.Build.0 = Release|iPhone
		{74280269-DBD9-443C-B308-9BFD755B63DC}.Ad-Hoc|iPhone.ActiveCfg = Ad-Hoc|iPhone
		{74280269-DBD9-443C-B308-9BFD755B63DC}.Ad-Hoc|iPhone.Build.0 = Ad-Hoc|iPhone
		{74280269-DBD9-443C-B308-9BFD755B63DC}.AppStore|iPhone.ActiveCfg = AppStore|iPhone
		{74280269-DBD9-443C-B308-9BFD755B63DC}.AppStore|iPhone.Build.0 = AppStore|iPhone
		{90E9524D-ADD9-46ED-8FB2-D6B58AE22F2E}.Debug|Any CPU.ActiveCfg = Debug|Any CPU
		{90E9524D-ADD9-46ED-8FB2-D6B58AE22F2E}.Debug|Any CPU.Build.0 = Debug|Any CPU
		{90E9524D-ADD9-46ED-8FB2-D6B58AE22F2E}.Release|Any CPU.ActiveCfg = Release|Any CPU
		{90E9524D-ADD9-46ED-8FB2-D6B58AE22F2E}.Release|Any CPU.Build.0 = Release|Any CPU
		{90E9524D-ADD9-46ED-8FB2-D6B58AE22F2E}.Debug|iPhoneSimulator.ActiveCfg = Debug|Any CPU
		{90E9524D-ADD9-46ED-8FB2-D6B58AE22F2E}.Debug|iPhoneSimulator.Build.0 = Debug|Any CPU
		{90E9524D-ADD9-46ED-8FB2-D6B58AE22F2E}.Release|iPhoneSimulator.ActiveCfg = Release|Any CPU
		{90E9524D-ADD9-46ED-8FB2-D6B58AE22F2E}.Release|iPhoneSimulator.Build.0 = Release|Any CPU
		{90E9524D-ADD9-46ED-8FB2-D6B58AE22F2E}.Debug|iPhone.ActiveCfg = Debug|Any CPU
		{90E9524D-ADD9-46ED-8FB2-D6B58AE22F2E}.Debug|iPhone.Build.0 = Debug|Any CPU
		{90E9524D-ADD9-46ED-8FB2-D6B58AE22F2E}.Release|iPhone.ActiveCfg = Release|Any CPU
		{90E9524D-ADD9-46ED-8FB2-D6B58AE22F2E}.Release|iPhone.Build.0 = Release|Any CPU
		{90E9524D-ADD9-46ED-8FB2-D6B58AE22F2E}.Ad-Hoc|iPhone.ActiveCfg = Debug|Any CPU
		{90E9524D-ADD9-46ED-8FB2-D6B58AE22F2E}.Ad-Hoc|iPhone.Build.0 = Debug|Any CPU
		{90E9524D-ADD9-46ED-8FB2-D6B58AE22F2E}.AppStore|iPhone.ActiveCfg = Debug|Any CPU
		{90E9524D-ADD9-46ED-8FB2-D6B58AE22F2E}.AppStore|iPhone.Build.0 = Debug|Any CPU
	EndGlobalSection
EndGlobal
