Microsoft Visual Studio Solution File, Format Version 12.00
# Visual Studio 15
VisualStudioVersion = 15.0.28010.2003
MinimumVisualStudioVersion = 10.0.40219.1
Project("{FAE04EC0-301F-11D3-BF4B-00C04F79EFBC}") = "BorrowMyAngel.Android", "BorrowMyAngel.Android\BorrowMyAngel.Android.csproj", "{D16B7633-6D97-4CFC-A835-040E50394EA8}"
EndProject
Project("{FAE04EC0-301F-11D3-BF4B-00C04F79EFBC}") = "BorrowMyAngel.iOS", "BorrowMyAngel.iOS\BorrowMyAngel.iOS.csproj", "{74280269-DBD9-443C-B308-9BFD755B63DC}"
EndProject
Project("{9A19103F-16F7-4668-BE54-9A1E7A4F7556}") = "BorrowMyAngel", "BorrowMyAngel\BorrowMyAngel.csproj", "{90E9524D-ADD9-46ED-8FB2-D6B58AE22F2E}"
EndProject
Global
	GlobalSection(SolutionConfigurationPlatforms) = preSolution
		Ad-Hoc|Any CPU = Ad-Hoc|Any CPU
		Ad-Hoc|iPhone = Ad-Hoc|iPhone
		Ad-Hoc|iPhoneSimulator = Ad-Hoc|iPhoneSimulator
		AppStore|Any CPU = AppStore|Any CPU
		AppStore|iPhone = AppStore|iPhone
		AppStore|iPhoneSimulator = AppStore|iPhoneSimulator
		Debug|Any CPU = Debug|Any CPU
		Debug|iPhone = Debug|iPhone
		Debug|iPhoneSimulator = Debug|iPhoneSimulator
		Release|Any CPU = Release|Any CPU
		Release|iPhone = Release|iPhone
		Release|iPhoneSimulator = Release|iPhoneSimulator
	EndGlobalSection
	GlobalSection(ProjectConfigurationPlatforms) = postSolution
		{D16B7633-6D97-4CFC-A835-040E50394EA8}.Ad-Hoc|Any CPU.ActiveCfg = Release|Any CPU
		{D16B7633-6D97-4CFC-A835-040E50394EA8}.Ad-Hoc|Any CPU.Build.0 = Release|Any CPU
		{D16B7633-6D97-4CFC-A835-040E50394EA8}.Ad-Hoc|Any CPU.Deploy.0 = Release|Any CPU
		{D16B7633-6D97-4CFC-A835-040E50394EA8}.Ad-Hoc|iPhone.ActiveCfg = Debug|Any CPU
		{D16B7633-6D97-4CFC-A835-040E50394EA8}.Ad-Hoc|iPhone.Build.0 = Debug|Any CPU
		{D16B7633-6D97-4CFC-A835-040E50394EA8}.Ad-Hoc|iPhoneSimulator.ActiveCfg = Release|Any CPU
		{D16B7633-6D97-4CFC-A835-040E50394EA8}.Ad-Hoc|iPhoneSimulator.Build.0 = Release|Any CPU
		{D16B7633-6D97-4CFC-A835-040E50394EA8}.Ad-Hoc|iPhoneSimulator.Deploy.0 = Release|Any CPU
		{D16B7633-6D97-4CFC-A835-040E50394EA8}.AppStore|Any CPU.ActiveCfg = Release|Any CPU
		{D16B7633-6D97-4CFC-A835-040E50394EA8}.AppStore|Any CPU.Build.0 = Release|Any CPU
		{D16B7633-6D97-4CFC-A835-040E50394EA8}.AppStore|Any CPU.Deploy.0 = Release|Any CPU
		{D16B7633-6D97-4CFC-A835-040E50394EA8}.AppStore|iPhone.ActiveCfg = Debug|Any CPU
		{D16B7633-6D97-4CFC-A835-040E50394EA8}.AppStore|iPhone.Build.0 = Debug|Any CPU
		{D16B7633-6D97-4CFC-A835-040E50394EA8}.AppStore|iPhoneSimulator.ActiveCfg = Release|Any CPU
		{D16B7633-6D97-4CFC-A835-040E50394EA8}.AppStore|iPhoneSimulator.Build.0 = Release|Any CPU
		{D16B7633-6D97-4CFC-A835-040E50394EA8}.AppStore|iPhoneSimulator.Deploy.0 = Release|Any CPU
		{D16B7633-6D97-4CFC-A835-040E50394EA8}.Debug|Any CPU.ActiveCfg = Debug|Any CPU
		{D16B7633-6D97-4CFC-A835-040E50394EA8}.Debug|Any CPU.Build.0 = Debug|Any CPU
		{D16B7633-6D97-4CFC-A835-040E50394EA8}.Debug|Any CPU.Deploy.0 = Debug|Any CPU
		{D16B7633-6D97-4CFC-A835-040E50394EA8}.Debug|iPhone.ActiveCfg = Debug|Any CPU
		{D16B7633-6D97-4CFC-A835-040E50394EA8}.Debug|iPhone.Build.0 = Debug|Any CPU
		{D16B7633-6D97-4CFC-A835-040E50394EA8}.Debug|iPhoneSimulator.ActiveCfg = Debug|Any CPU
		{D16B7633-6D97-4CFC-A835-040E50394EA8}.Debug|iPhoneSimulator.Build.0 = Debug|Any CPU
		{D16B7633-6D97-4CFC-A835-040E50394EA8}.Release|Any CPU.ActiveCfg = Release|Any CPU
		{D16B7633-6D97-4CFC-A835-040E50394EA8}.Release|Any CPU.Build.0 = Release|Any CPU
		{D16B7633-6D97-4CFC-A835-040E50394EA8}.Release|iPhone.ActiveCfg = Release|Any CPU
		{D16B7633-6D97-4CFC-A835-040E50394EA8}.Release|iPhone.Build.0 = Release|Any CPU
		{D16B7633-6D97-4CFC-A835-040E50394EA8}.Release|iPhoneSimulator.ActiveCfg = Release|Any CPU
		{D16B7633-6D97-4CFC-A835-040E50394EA8}.Release|iPhoneSimulator.Build.0 = Release|Any CPU
		{74280269-DBD9-443C-B308-9BFD755B63DC}.Ad-Hoc|Any CPU.ActiveCfg = Ad-Hoc|iPhoneSimulator
		{74280269-DBD9-443C-B308-9BFD755B63DC}.Ad-Hoc|iPhone.ActiveCfg = Ad-Hoc|iPhone
		{74280269-DBD9-443C-B308-9BFD755B63DC}.Ad-Hoc|iPhone.Build.0 = Ad-Hoc|iPhone
		{74280269-DBD9-443C-B308-9BFD755B63DC}.Ad-Hoc|iPhoneSimulator.ActiveCfg = Ad-Hoc|iPhoneSimulator
		{74280269-DBD9-443C-B308-9BFD755B63DC}.Ad-Hoc|iPhoneSimulator.Build.0 = Ad-Hoc|iPhoneSimulator
		{74280269-DBD9-443C-B308-9BFD755B63DC}.AppStore|Any CPU.ActiveCfg = AppStore|iPhoneSimulator
		{74280269-DBD9-443C-B308-9BFD755B63DC}.AppStore|iPhone.ActiveCfg = AppStore|iPhone
		{74280269-DBD9-443C-B308-9BFD755B63DC}.AppStore|iPhone.Build.0 = AppStore|iPhone
		{74280269-DBD9-443C-B308-9BFD755B63DC}.AppStore|iPhoneSimulator.ActiveCfg = AppStore|iPhoneSimulator
		{74280269-DBD9-443C-B308-9BFD755B63DC}.AppStore|iPhoneSimulator.Build.0 = AppStore|iPhoneSimulator
		{74280269-DBD9-443C-B308-9BFD755B63DC}.Debug|Any CPU.ActiveCfg = Debug|iPhoneSimulator
		{74280269-DBD9-443C-B308-9BFD755B63DC}.Debug|Any CPU.Build.0 = Debug|iPhoneSimulator
		{74280269-DBD9-443C-B308-9BFD755B63DC}.Debug|iPhone.ActiveCfg = Debug|iPhone
		{74280269-DBD9-443C-B308-9BFD755B63DC}.Debug|iPhone.Build.0 = Debug|iPhone
		{74280269-DBD9-443C-B308-9BFD755B63DC}.Debug|iPhoneSimulator.ActiveCfg = Debug|iPhoneSimulator
		{74280269-DBD9-443C-B308-9BFD755B63DC}.Debug|iPhoneSimulator.Build.0 = Debug|iPhoneSimulator
		{74280269-DBD9-443C-B308-9BFD755B63DC}.Release|Any CPU.ActiveCfg = Release|iPhoneSimulator
		{74280269-DBD9-443C-B308-9BFD755B63DC}.Release|Any CPU.Build.0 = Release|iPhoneSimulator
		{74280269-DBD9-443C-B308-9BFD755B63DC}.Release|iPhone.ActiveCfg = Release|iPhone
		{74280269-DBD9-443C-B308-9BFD755B63DC}.Release|iPhone.Build.0 = Release|iPhone
		{74280269-DBD9-443C-B308-9BFD755B63DC}.Release|iPhoneSimulator.ActiveCfg = Release|iPhoneSimulator
		{74280269-DBD9-443C-B308-9BFD755B63DC}.Release|iPhoneSimulator.Build.0 = Release|iPhoneSimulator
		{90E9524D-ADD9-46ED-8FB2-D6B58AE22F2E}.Ad-Hoc|Any CPU.ActiveCfg = Release|Any CPU
		{90E9524D-ADD9-46ED-8FB2-D6B58AE22F2E}.Ad-Hoc|Any CPU.Build.0 = Release|Any CPU
		{90E9524D-ADD9-46ED-8FB2-D6B58AE22F2E}.Ad-Hoc|iPhone.ActiveCfg = Debug|Any CPU
		{90E9524D-ADD9-46ED-8FB2-D6B58AE22F2E}.Ad-Hoc|iPhone.Build.0 = Debug|Any CPU
		{90E9524D-ADD9-46ED-8FB2-D6B58AE22F2E}.Ad-Hoc|iPhoneSimulator.ActiveCfg = Release|Any CPU
		{90E9524D-ADD9-46ED-8FB2-D6B58AE22F2E}.Ad-Hoc|iPhoneSimulator.Build.0 = Release|Any CPU
		{90E9524D-ADD9-46ED-8FB2-D6B58AE22F2E}.AppStore|Any CPU.ActiveCfg = Release|Any CPU
		{90E9524D-ADD9-46ED-8FB2-D6B58AE22F2E}.AppStore|Any CPU.Build.0 = Release|Any CPU
		{90E9524D-ADD9-46ED-8FB2-D6B58AE22F2E}.AppStore|iPhone.ActiveCfg = Debug|Any CPU
		{90E9524D-ADD9-46ED-8FB2-D6B58AE22F2E}.AppStore|iPhone.Build.0 = Debug|Any CPU
		{90E9524D-ADD9-46ED-8FB2-D6B58AE22F2E}.AppStore|iPhoneSimulator.ActiveCfg = Release|Any CPU
		{90E9524D-ADD9-46ED-8FB2-D6B58AE22F2E}.AppStore|iPhoneSimulator.Build.0 = Release|Any CPU
		{90E9524D-ADD9-46ED-8FB2-D6B58AE22F2E}.Debug|Any CPU.ActiveCfg = Debug|Any CPU
		{90E9524D-ADD9-46ED-8FB2-D6B58AE22F2E}.Debug|Any CPU.Build.0 = Debug|Any CPU
		{90E9524D-ADD9-46ED-8FB2-D6B58AE22F2E}.Debug|iPhone.ActiveCfg = Debug|Any CPU
		{90E9524D-ADD9-46ED-8FB2-D6B58AE22F2E}.Debug|iPhone.Build.0 = Debug|Any CPU
		{90E9524D-ADD9-46ED-8FB2-D6B58AE22F2E}.Debug|iPhoneSimulator.ActiveCfg = Debug|Any CPU
		{90E9524D-ADD9-46ED-8FB2-D6B58AE22F2E}.Debug|iPhoneSimulator.Build.0 = Debug|Any CPU
		{90E9524D-ADD9-46ED-8FB2-D6B58AE22F2E}.Release|Any CPU.ActiveCfg = Release|Any CPU
		{90E9524D-ADD9-46ED-8FB2-D6B58AE22F2E}.Release|Any CPU.Build.0 = Release|Any CPU
		{90E9524D-ADD9-46ED-8FB2-D6B58AE22F2E}.Release|iPhone.ActiveCfg = Release|Any CPU
		{90E9524D-ADD9-46ED-8FB2-D6B58AE22F2E}.Release|iPhone.Build.0 = Release|Any CPU
		{90E9524D-ADD9-46ED-8FB2-D6B58AE22F2E}.Release|iPhoneSimulator.ActiveCfg = Release|Any CPU
		{90E9524D-ADD9-46ED-8FB2-D6B58AE22F2E}.Release|iPhoneSimulator.Build.0 = Release|Any CPU
	EndGlobalSection
	GlobalSection(SolutionProperties) = preSolution
		HideSolutionNode = FALSE
	EndGlobalSection
	GlobalSection(ExtensibilityGlobals) = postSolution
		SolutionGuid = {2CE40BD9-8FE7-4C1E-87A4-795CEDC16677}
	EndGlobalSection
EndGlobal
